// !$*UTF8*$!
{
	archiveVersion = 1;
	classes = {
	};
	objectVersion = 56;
	objects = {

/* Begin PBXBuildFile section */
		110982242C7B8C86006D170A /* WeatherAppApp.swift in Sources */ = {isa = PBXBuildFile; fileRef = 110982232C7B8C86006D170A /* WeatherAppApp.swift */; };
		110982282C7B8C88006D170A /* Assets.xcassets in Resources */ = {isa = PBXBuildFile; fileRef = 110982272C7B8C88006D170A /* Assets.xcassets */; };
		1109822B2C7B8C88006D170A /* Preview Assets.xcassets in Resources */ = {isa = PBXBuildFile; fileRef = 1109822A2C7B8C88006D170A /* Preview Assets.xcassets */; };
		110982352C7B8C89006D170A /* WeatherAppTests.swift in Sources */ = {isa = PBXBuildFile; fileRef = 110982342C7B8C89006D170A /* WeatherAppTests.swift */; };
		1109823F2C7B8C89006D170A /* WeatherAppUITests.swift in Sources */ = {isa = PBXBuildFile; fileRef = 1109823E2C7B8C89006D170A /* WeatherAppUITests.swift */; };
		110982412C7B8C89006D170A /* WeatherAppUITestsLaunchTests.swift in Sources */ = {isa = PBXBuildFile; fileRef = 110982402C7B8C89006D170A /* WeatherAppUITestsLaunchTests.swift */; };
		1109825E2C7B8EFE006D170A /* VIP_scene.png in Resources */ = {isa = PBXBuildFile; fileRef = 1109825D2C7B8EFE006D170A /* VIP_scene.png */; };
		110982612C7B9013006D170A /* SplashScreen.storyboard in Resources */ = {isa = PBXBuildFile; fileRef = 110982602C7B9013006D170A /* SplashScreen.storyboard */; };
		110982632C7B91F0006D170A /* Forecast.swift in Sources */ = {isa = PBXBuildFile; fileRef = 110982622C7B91F0006D170A /* Forecast.swift */; };
		110982652C7B9206006D170A /* CurrentWeather.swift in Sources */ = {isa = PBXBuildFile; fileRef = 110982642C7B9206006D170A /* CurrentWeather.swift */; };
		110982672C7B9216006D170A /* HourlyWeather.swift in Sources */ = {isa = PBXBuildFile; fileRef = 110982662C7B9216006D170A /* HourlyWeather.swift */; };
		110982692C7B9222006D170A /* DailyWeather.swift in Sources */ = {isa = PBXBuildFile; fileRef = 110982682C7B9222006D170A /* DailyWeather.swift */; };
		1109826B2C7B922D006D170A /* Weather.swift in Sources */ = {isa = PBXBuildFile; fileRef = 1109826A2C7B922D006D170A /* Weather.swift */; };
		1109826D2C7B923A006D170A /* City.swift in Sources */ = {isa = PBXBuildFile; fileRef = 1109826C2C7B923A006D170A /* City.swift */; };
		110982722C7B927B006D170A /* PreviewDevice.swift in Sources */ = {isa = PBXBuildFile; fileRef = 110982712C7B927B006D170A /* PreviewDevice.swift */; };
		110982742C7B928A006D170A /* LoadingError.swift in Sources */ = {isa = PBXBuildFile; fileRef = 110982732C7B928A006D170A /* LoadingError.swift */; };
		110982762C7B9311006D170A /* WeatherAlert.swift in Sources */ = {isa = PBXBuildFile; fileRef = 110982752C7B9311006D170A /* WeatherAlert.swift */; };
		110982782C7B93F1006D170A /* Constants.swift in Sources */ = {isa = PBXBuildFile; fileRef = 110982772C7B93F1006D170A /* Constants.swift */; };
		1109827C2C7B950E006D170A /* PreviewDevice+Extension.swift in Sources */ = {isa = PBXBuildFile; fileRef = 1109827B2C7B950E006D170A /* PreviewDevice+Extension.swift */; };
		1109827E2C7B951B006D170A /* View+Extension.swift in Sources */ = {isa = PBXBuildFile; fileRef = 1109827D2C7B951B006D170A /* View+Extension.swift */; };
		110982802C7B955B006D170A /* ReachabilityHelper.swift in Sources */ = {isa = PBXBuildFile; fileRef = 1109827F2C7B955B006D170A /* ReachabilityHelper.swift */; };
		110982822C7B9570006D170A /* ErrorHelper.swift in Sources */ = {isa = PBXBuildFile; fileRef = 110982812C7B9570006D170A /* ErrorHelper.swift */; };
		1109828F2C7B95ED006D170A /* HomePresenter.swift in Sources */ = {isa = PBXBuildFile; fileRef = 110982872C7B95ED006D170A /* HomePresenter.swift */; };
		110982902C7B95ED006D170A /* HomeRouter.swift in Sources */ = {isa = PBXBuildFile; fileRef = 110982882C7B95ED006D170A /* HomeRouter.swift */; };
		110982912C7B95ED006D170A /* HomeViewController.swift in Sources */ = {isa = PBXBuildFile; fileRef = 110982892C7B95ED006D170A /* HomeViewController.swift */; };
		110982922C7B95ED006D170A /* IPadHomeView.swift in Sources */ = {isa = PBXBuildFile; fileRef = 1109828A2C7B95ED006D170A /* IPadHomeView.swift */; };
		110982932C7B95ED006D170A /* HomeInteractor.swift in Sources */ = {isa = PBXBuildFile; fileRef = 1109828B2C7B95ED006D170A /* HomeInteractor.swift */; };
		110982942C7B95ED006D170A /* HomeView.swift in Sources */ = {isa = PBXBuildFile; fileRef = 1109828C2C7B95ED006D170A /* HomeView.swift */; };
		110982952C7B95ED006D170A /* HomeModel.swift in Sources */ = {isa = PBXBuildFile; fileRef = 1109828D2C7B95ED006D170A /* HomeModel.swift */; };
		110982962C7B95ED006D170A /* HomeConfigurator.swift in Sources */ = {isa = PBXBuildFile; fileRef = 1109828E2C7B95ED006D170A /* HomeConfigurator.swift */; };
		1109829A2C7B96C5006D170A /* BackendAdapter.swift in Sources */ = {isa = PBXBuildFile; fileRef = 110982992C7B96C5006D170A /* BackendAdapter.swift */; };
		1109829C2C7B96D2006D170A /* Endpoint.swift in Sources */ = {isa = PBXBuildFile; fileRef = 1109829B2C7B96D2006D170A /* Endpoint.swift */; };
		1109829E2C7B970C006D170A /* WALoger.swift in Sources */ = {isa = PBXBuildFile; fileRef = 1109829D2C7B970C006D170A /* WALoger.swift */; };
		110982A02C7B9775006D170A /* WeatherWorker.swift in Sources */ = {isa = PBXBuildFile; fileRef = 1109829F2C7B9775006D170A /* WeatherWorker.swift */; };
		110982A22C7B97EE006D170A /* UIApplication+Extension.swift in Sources */ = {isa = PBXBuildFile; fileRef = 110982A12C7B97EE006D170A /* UIApplication+Extension.swift */; };
		110982A62C7B99AA006D170A /* WeatherCell.swift in Sources */ = {isa = PBXBuildFile; fileRef = 110982A52C7B99AA006D170A /* WeatherCell.swift */; };
		110982A82C7B99D1006D170A /* Date+Extension.swift in Sources */ = {isa = PBXBuildFile; fileRef = 110982A72C7B99D1006D170A /* Date+Extension.swift */; };
		110982AA2C7B9A50006D170A /* LocationManager.swift in Sources */ = {isa = PBXBuildFile; fileRef = 110982A92C7B9A50006D170A /* LocationManager.swift */; };
/* End PBXBuildFile section */

/* Begin PBXContainerItemProxy section */
		110982312C7B8C89006D170A /* PBXContainerItemProxy */ = {
			isa = PBXContainerItemProxy;
			containerPortal = 110982182C7B8C86006D170A /* Project object */;
			proxyType = 1;
			remoteGlobalIDString = 1109821F2C7B8C86006D170A;
			remoteInfo = WeatherApp;
		};
		1109823B2C7B8C89006D170A /* PBXContainerItemProxy */ = {
			isa = PBXContainerItemProxy;
			containerPortal = 110982182C7B8C86006D170A /* Project object */;
			proxyType = 1;
			remoteGlobalIDString = 1109821F2C7B8C86006D170A;
			remoteInfo = WeatherApp;
		};
/* End PBXContainerItemProxy section */

/* Begin PBXFileReference section */
		110982202C7B8C86006D170A /* WeatherApp.app */ = {isa = PBXFileReference; explicitFileType = wrapper.application; includeInIndex = 0; path = WeatherApp.app; sourceTree = BUILT_PRODUCTS_DIR; };
		110982232C7B8C86006D170A /* WeatherAppApp.swift */ = {isa = PBXFileReference; lastKnownFileType = sourcecode.swift; path = WeatherAppApp.swift; sourceTree = "<group>"; };
		110982272C7B8C88006D170A /* Assets.xcassets */ = {isa = PBXFileReference; lastKnownFileType = folder.assetcatalog; path = Assets.xcassets; sourceTree = "<group>"; };
		1109822A2C7B8C88006D170A /* Preview Assets.xcassets */ = {isa = PBXFileReference; lastKnownFileType = folder.assetcatalog; path = "Preview Assets.xcassets"; sourceTree = "<group>"; };
		110982302C7B8C89006D170A /* WeatherAppTests.xctest */ = {isa = PBXFileReference; explicitFileType = wrapper.cfbundle; includeInIndex = 0; path = WeatherAppTests.xctest; sourceTree = BUILT_PRODUCTS_DIR; };
		110982342C7B8C89006D170A /* WeatherAppTests.swift */ = {isa = PBXFileReference; lastKnownFileType = sourcecode.swift; path = WeatherAppTests.swift; sourceTree = "<group>"; };
		1109823A2C7B8C89006D170A /* WeatherAppUITests.xctest */ = {isa = PBXFileReference; explicitFileType = wrapper.cfbundle; includeInIndex = 0; path = WeatherAppUITests.xctest; sourceTree = BUILT_PRODUCTS_DIR; };
		1109823E2C7B8C89006D170A /* WeatherAppUITests.swift */ = {isa = PBXFileReference; lastKnownFileType = sourcecode.swift; path = WeatherAppUITests.swift; sourceTree = "<group>"; };
		110982402C7B8C89006D170A /* WeatherAppUITestsLaunchTests.swift */ = {isa = PBXFileReference; lastKnownFileType = sourcecode.swift; path = WeatherAppUITestsLaunchTests.swift; sourceTree = "<group>"; };
		110982542C7B8D89006D170A /* README.md */ = {isa = PBXFileReference; lastKnownFileType = net.daringfireball.markdown; path = README.md; sourceTree = "<group>"; };
		110982552C7B8DFD006D170A /* README.md */ = {isa = PBXFileReference; lastKnownFileType = net.daringfireball.markdown; path = README.md; sourceTree = "<group>"; };
		110982562C7B8E17006D170A /* README.md */ = {isa = PBXFileReference; lastKnownFileType = net.daringfireball.markdown; path = README.md; sourceTree = "<group>"; };
		110982572C7B8E27006D170A /* README.md */ = {isa = PBXFileReference; lastKnownFileType = net.daringfireball.markdown; path = README.md; sourceTree = "<group>"; };
		110982582C7B8E40006D170A /* README.md */ = {isa = PBXFileReference; lastKnownFileType = net.daringfireball.markdown; path = README.md; sourceTree = "<group>"; };
		110982592C7B8E5F006D170A /* README.md */ = {isa = PBXFileReference; lastKnownFileType = net.daringfireball.markdown; path = README.md; sourceTree = "<group>"; };
		1109825A2C7B8E77006D170A /* README.md */ = {isa = PBXFileReference; lastKnownFileType = net.daringfireball.markdown; path = README.md; sourceTree = "<group>"; };
		1109825B2C7B8E8F006D170A /* README.md */ = {isa = PBXFileReference; lastKnownFileType = net.daringfireball.markdown; path = README.md; sourceTree = "<group>"; };
		1109825D2C7B8EFE006D170A /* VIP_scene.png */ = {isa = PBXFileReference; lastKnownFileType = image.png; path = VIP_scene.png; sourceTree = "<group>"; };
		1109825F2C7B8F12006D170A /* README.md */ = {isa = PBXFileReference; lastKnownFileType = net.daringfireball.markdown; path = README.md; sourceTree = "<group>"; };
		110982602C7B9013006D170A /* SplashScreen.storyboard */ = {isa = PBXFileReference; lastKnownFileType = file.storyboard; path = SplashScreen.storyboard; sourceTree = "<group>"; };
		110982622C7B91F0006D170A /* Forecast.swift */ = {isa = PBXFileReference; lastKnownFileType = sourcecode.swift; path = Forecast.swift; sourceTree = "<group>"; };
		110982642C7B9206006D170A /* CurrentWeather.swift */ = {isa = PBXFileReference; lastKnownFileType = sourcecode.swift; path = CurrentWeather.swift; sourceTree = "<group>"; };
		110982662C7B9216006D170A /* HourlyWeather.swift */ = {isa = PBXFileReference; lastKnownFileType = sourcecode.swift; path = HourlyWeather.swift; sourceTree = "<group>"; };
		110982682C7B9222006D170A /* DailyWeather.swift */ = {isa = PBXFileReference; lastKnownFileType = sourcecode.swift; path = DailyWeather.swift; sourceTree = "<group>"; };
		1109826A2C7B922D006D170A /* Weather.swift */ = {isa = PBXFileReference; lastKnownFileType = sourcecode.swift; path = Weather.swift; sourceTree = "<group>"; };
		1109826C2C7B923A006D170A /* City.swift */ = {isa = PBXFileReference; lastKnownFileType = sourcecode.swift; path = City.swift; sourceTree = "<group>"; };
		110982712C7B927B006D170A /* PreviewDevice.swift */ = {isa = PBXFileReference; lastKnownFileType = sourcecode.swift; path = PreviewDevice.swift; sourceTree = "<group>"; };
		110982732C7B928A006D170A /* LoadingError.swift */ = {isa = PBXFileReference; lastKnownFileType = sourcecode.swift; path = LoadingError.swift; sourceTree = "<group>"; };
		110982752C7B9311006D170A /* WeatherAlert.swift */ = {isa = PBXFileReference; lastKnownFileType = sourcecode.swift; path = WeatherAlert.swift; sourceTree = "<group>"; };
		110982772C7B93F1006D170A /* Constants.swift */ = {isa = PBXFileReference; lastKnownFileType = sourcecode.swift; path = Constants.swift; sourceTree = "<group>"; };
		1109827B2C7B950E006D170A /* PreviewDevice+Extension.swift */ = {isa = PBXFileReference; lastKnownFileType = sourcecode.swift; path = "PreviewDevice+Extension.swift"; sourceTree = "<group>"; };
		1109827D2C7B951B006D170A /* View+Extension.swift */ = {isa = PBXFileReference; lastKnownFileType = sourcecode.swift; path = "View+Extension.swift"; sourceTree = "<group>"; };
		1109827F2C7B955B006D170A /* ReachabilityHelper.swift */ = {isa = PBXFileReference; lastKnownFileType = sourcecode.swift; path = ReachabilityHelper.swift; sourceTree = "<group>"; };
		110982812C7B9570006D170A /* ErrorHelper.swift */ = {isa = PBXFileReference; lastKnownFileType = sourcecode.swift; path = ErrorHelper.swift; sourceTree = "<group>"; };
		110982872C7B95ED006D170A /* HomePresenter.swift */ = {isa = PBXFileReference; lastKnownFileType = sourcecode.swift; path = HomePresenter.swift; sourceTree = "<group>"; };
		110982882C7B95ED006D170A /* HomeRouter.swift */ = {isa = PBXFileReference; lastKnownFileType = sourcecode.swift; path = HomeRouter.swift; sourceTree = "<group>"; };
		110982892C7B95ED006D170A /* HomeViewController.swift */ = {isa = PBXFileReference; lastKnownFileType = sourcecode.swift; path = HomeViewController.swift; sourceTree = "<group>"; };
		1109828A2C7B95ED006D170A /* IPadHomeView.swift */ = {isa = PBXFileReference; lastKnownFileType = sourcecode.swift; path = IPadHomeView.swift; sourceTree = "<group>"; };
		1109828B2C7B95ED006D170A /* HomeInteractor.swift */ = {isa = PBXFileReference; lastKnownFileType = sourcecode.swift; path = HomeInteractor.swift; sourceTree = "<group>"; };
		1109828C2C7B95ED006D170A /* HomeView.swift */ = {isa = PBXFileReference; lastKnownFileType = sourcecode.swift; path = HomeView.swift; sourceTree = "<group>"; };
		1109828D2C7B95ED006D170A /* HomeModel.swift */ = {isa = PBXFileReference; lastKnownFileType = sourcecode.swift; path = HomeModel.swift; sourceTree = "<group>"; };
		1109828E2C7B95ED006D170A /* HomeConfigurator.swift */ = {isa = PBXFileReference; lastKnownFileType = sourcecode.swift; path = HomeConfigurator.swift; sourceTree = "<group>"; };
		110982992C7B96C5006D170A /* BackendAdapter.swift */ = {isa = PBXFileReference; lastKnownFileType = sourcecode.swift; path = BackendAdapter.swift; sourceTree = "<group>"; };
		1109829B2C7B96D2006D170A /* Endpoint.swift */ = {isa = PBXFileReference; lastKnownFileType = sourcecode.swift; path = Endpoint.swift; sourceTree = "<group>"; };
		1109829D2C7B970C006D170A /* WALoger.swift */ = {isa = PBXFileReference; lastKnownFileType = sourcecode.swift; path = WALoger.swift; sourceTree = "<group>"; };
		1109829F2C7B9775006D170A /* WeatherWorker.swift */ = {isa = PBXFileReference; lastKnownFileType = sourcecode.swift; path = WeatherWorker.swift; sourceTree = "<group>"; };
		110982A12C7B97EE006D170A /* UIApplication+Extension.swift */ = {isa = PBXFileReference; lastKnownFileType = sourcecode.swift; path = "UIApplication+Extension.swift"; sourceTree = "<group>"; };
		110982A52C7B99AA006D170A /* WeatherCell.swift */ = {isa = PBXFileReference; lastKnownFileType = sourcecode.swift; path = WeatherCell.swift; sourceTree = "<group>"; };
		110982A72C7B99D1006D170A /* Date+Extension.swift */ = {isa = PBXFileReference; lastKnownFileType = sourcecode.swift; path = "Date+Extension.swift"; sourceTree = "<group>"; };
		110982A92C7B9A50006D170A /* LocationManager.swift */ = {isa = PBXFileReference; lastKnownFileType = sourcecode.swift; path = LocationManager.swift; sourceTree = "<group>"; };
/* End PBXFileReference section */

/* Begin PBXFrameworksBuildPhase section */
		1109821D2C7B8C86006D170A /* Frameworks */ = {
			isa = PBXFrameworksBuildPhase;
			buildActionMask = 2147483647;
			files = (
			);
			runOnlyForDeploymentPostprocessing = 0;
		};
		1109822D2C7B8C89006D170A /* Frameworks */ = {
			isa = PBXFrameworksBuildPhase;
			buildActionMask = 2147483647;
			files = (
			);
			runOnlyForDeploymentPostprocessing = 0;
		};
		110982372C7B8C89006D170A /* Frameworks */ = {
			isa = PBXFrameworksBuildPhase;
			buildActionMask = 2147483647;
			files = (
			);
			runOnlyForDeploymentPostprocessing = 0;
		};
/* End PBXFrameworksBuildPhase section */

/* Begin PBXGroup section */
		110982172C7B8C86006D170A = {
			isa = PBXGroup;
			children = (
				110982222C7B8C86006D170A /* WeatherApp */,
				110982332C7B8C89006D170A /* WeatherAppTests */,
				1109823D2C7B8C89006D170A /* WeatherAppUITests */,
				110982212C7B8C86006D170A /* Products */,
			);
			sourceTree = "<group>";
		};
		110982212C7B8C86006D170A /* Products */ = {
			isa = PBXGroup;
			children = (
				110982202C7B8C86006D170A /* WeatherApp.app */,
				110982302C7B8C89006D170A /* WeatherAppTests.xctest */,
				1109823A2C7B8C89006D170A /* WeatherAppUITests.xctest */,
			);
			name = Products;
			sourceTree = "<group>";
		};
		110982222C7B8C86006D170A /* WeatherApp */ = {
			isa = PBXGroup;
			children = (
				110982542C7B8D89006D170A /* README.md */,
				110982532C7B8D3A006D170A /* Application */,
				110982522C7B8D32006D170A /* Common */,
				110982512C7B8D2A006D170A /* Models */,
				110982502C7B8D23006D170A /* Scenes */,
				1109824F2C7B8D18006D170A /* StoreManager */,
				1109824E2C7B8D0E006D170A /* Workers */,
				1109824D2C7B8D02006D170A /* Resources */,
				110982292C7B8C88006D170A /* Preview Content */,
			);
			path = WeatherApp;
			sourceTree = "<group>";
		};
		110982292C7B8C88006D170A /* Preview Content */ = {
			isa = PBXGroup;
			children = (
				1109822A2C7B8C88006D170A /* Preview Assets.xcassets */,
			);
			path = "Preview Content";
			sourceTree = "<group>";
		};
		110982332C7B8C89006D170A /* WeatherAppTests */ = {
			isa = PBXGroup;
			children = (
				1109825F2C7B8F12006D170A /* README.md */,
				110982342C7B8C89006D170A /* WeatherAppTests.swift */,
			);
			path = WeatherAppTests;
			sourceTree = "<group>";
		};
		1109823D2C7B8C89006D170A /* WeatherAppUITests */ = {
			isa = PBXGroup;
			children = (
				1109823E2C7B8C89006D170A /* WeatherAppUITests.swift */,
				110982402C7B8C89006D170A /* WeatherAppUITestsLaunchTests.swift */,
			);
			path = WeatherAppUITests;
			sourceTree = "<group>";
		};
		1109824D2C7B8D02006D170A /* Resources */ = {
			isa = PBXGroup;
			children = (
				1109825B2C7B8E8F006D170A /* README.md */,
				1109825C2C7B8ED8006D170A /* ReadmeResources */,
				110982272C7B8C88006D170A /* Assets.xcassets */,
				110982602C7B9013006D170A /* SplashScreen.storyboard */,
			);
			path = Resources;
			sourceTree = "<group>";
		};
		1109824E2C7B8D0E006D170A /* Workers */ = {
			isa = PBXGroup;
			children = (
				1109825A2C7B8E77006D170A /* README.md */,
				1109829F2C7B9775006D170A /* WeatherWorker.swift */,
			);
			path = Workers;
			sourceTree = "<group>";
		};
		1109824F2C7B8D18006D170A /* StoreManager */ = {
			isa = PBXGroup;
			children = (
				110982592C7B8E5F006D170A /* README.md */,
				110982972C7B969B006D170A /* Backend */,
				110982982C7B96A8006D170A /* Logger */,
			);
			path = StoreManager;
			sourceTree = "<group>";
		};
		110982502C7B8D23006D170A /* Scenes */ = {
			isa = PBXGroup;
			children = (
				110982832C7B95C4006D170A /* Home */,
				110982582C7B8E40006D170A /* README.md */,
			);
			path = Scenes;
			sourceTree = "<group>";
		};
		110982512C7B8D2A006D170A /* Models */ = {
			isa = PBXGroup;
			children = (
				110982572C7B8E27006D170A /* README.md */,
				1109826E2C7B9242006D170A /* Backend */,
				110982702C7B925E006D170A /* Common */,
				1109826F2C7B9255006D170A /* Preview */,
			);
			path = Models;
			sourceTree = "<group>";
		};
		110982522C7B8D32006D170A /* Common */ = {
			isa = PBXGroup;
			children = (
				110982562C7B8E17006D170A /* README.md */,
				110982792C7B94E6006D170A /* Helper */,
				1109827A2C7B94F5006D170A /* Extensions */,
			);
			path = Common;
			sourceTree = "<group>";
		};
		110982532C7B8D3A006D170A /* Application */ = {
			isa = PBXGroup;
			children = (
				110982552C7B8DFD006D170A /* README.md */,
				110982232C7B8C86006D170A /* WeatherAppApp.swift */,
				110982772C7B93F1006D170A /* Constants.swift */,
			);
			path = Application;
			sourceTree = "<group>";
		};
		1109825C2C7B8ED8006D170A /* ReadmeResources */ = {
			isa = PBXGroup;
			children = (
				1109825D2C7B8EFE006D170A /* VIP_scene.png */,
			);
			path = ReadmeResources;
			sourceTree = "<group>";
		};
		1109826E2C7B9242006D170A /* Backend */ = {
			isa = PBXGroup;
			children = (
				110982622C7B91F0006D170A /* Forecast.swift */,
				110982642C7B9206006D170A /* CurrentWeather.swift */,
				110982662C7B9216006D170A /* HourlyWeather.swift */,
				110982682C7B9222006D170A /* DailyWeather.swift */,
				110982752C7B9311006D170A /* WeatherAlert.swift */,
				1109826A2C7B922D006D170A /* Weather.swift */,
				1109826C2C7B923A006D170A /* City.swift */,
			);
			path = Backend;
			sourceTree = "<group>";
		};
		1109826F2C7B9255006D170A /* Preview */ = {
			isa = PBXGroup;
			children = (
				110982712C7B927B006D170A /* PreviewDevice.swift */,
			);
			path = Preview;
			sourceTree = "<group>";
		};
		110982702C7B925E006D170A /* Common */ = {
			isa = PBXGroup;
			children = (
				110982732C7B928A006D170A /* LoadingError.swift */,
			);
			path = Common;
			sourceTree = "<group>";
		};
		110982792C7B94E6006D170A /* Helper */ = {
			isa = PBXGroup;
			children = (
				1109827F2C7B955B006D170A /* ReachabilityHelper.swift */,
				110982812C7B9570006D170A /* ErrorHelper.swift */,
				110982A92C7B9A50006D170A /* LocationManager.swift */,
			);
			path = Helper;
			sourceTree = "<group>";
		};
		1109827A2C7B94F5006D170A /* Extensions */ = {
			isa = PBXGroup;
			children = (
				1109827B2C7B950E006D170A /* PreviewDevice+Extension.swift */,
				1109827D2C7B951B006D170A /* View+Extension.swift */,
				110982A12C7B97EE006D170A /* UIApplication+Extension.swift */,
				110982A72C7B99D1006D170A /* Date+Extension.swift */,
			);
			path = Extensions;
			sourceTree = "<group>";
		};
		110982832C7B95C4006D170A /* Home */ = {
			isa = PBXGroup;
			children = (
				110982842C7B95CD006D170A /* View */,
				110982892C7B95ED006D170A /* HomeViewController.swift */,
				1109828B2C7B95ED006D170A /* HomeInteractor.swift */,
				110982872C7B95ED006D170A /* HomePresenter.swift */,
				1109828D2C7B95ED006D170A /* HomeModel.swift */,
				110982882C7B95ED006D170A /* HomeRouter.swift */,
				1109828E2C7B95ED006D170A /* HomeConfigurator.swift */,
			);
			path = Home;
			sourceTree = "<group>";
		};
		110982842C7B95CD006D170A /* View */ = {
			isa = PBXGroup;
			children = (
				110982862C7B95DB006D170A /* iPad */,
				110982852C7B95D4006D170A /* iPhone */,
			);
			path = View;
			sourceTree = "<group>";
		};
		110982852C7B95D4006D170A /* iPhone */ = {
			isa = PBXGroup;
			children = (
				1109828C2C7B95ED006D170A /* HomeView.swift */,
				110982A52C7B99AA006D170A /* WeatherCell.swift */,
			);
			path = iPhone;
			sourceTree = "<group>";
		};
		110982862C7B95DB006D170A /* iPad */ = {
			isa = PBXGroup;
			children = (
				1109828A2C7B95ED006D170A /* IPadHomeView.swift */,
			);
			path = iPad;
			sourceTree = "<group>";
		};
		110982972C7B969B006D170A /* Backend */ = {
			isa = PBXGroup;
			children = (
				110982992C7B96C5006D170A /* BackendAdapter.swift */,
				1109829B2C7B96D2006D170A /* Endpoint.swift */,
			);
			path = Backend;
			sourceTree = "<group>";
		};
		110982982C7B96A8006D170A /* Logger */ = {
			isa = PBXGroup;
			children = (
				1109829D2C7B970C006D170A /* WALoger.swift */,
			);
			path = Logger;
			sourceTree = "<group>";
		};
/* End PBXGroup section */

/* Begin PBXNativeTarget section */
		1109821F2C7B8C86006D170A /* WeatherApp */ = {
			isa = PBXNativeTarget;
			buildConfigurationList = 110982442C7B8C89006D170A /* Build configuration list for PBXNativeTarget "WeatherApp" */;
			buildPhases = (
				1109821C2C7B8C86006D170A /* Sources */,
				1109821D2C7B8C86006D170A /* Frameworks */,
				1109821E2C7B8C86006D170A /* Resources */,
			);
			buildRules = (
			);
			dependencies = (
			);
			name = WeatherApp;
			productName = WeatherApp;
			productReference = 110982202C7B8C86006D170A /* WeatherApp.app */;
			productType = "com.apple.product-type.application";
		};
		1109822F2C7B8C89006D170A /* WeatherAppTests */ = {
			isa = PBXNativeTarget;
			buildConfigurationList = 110982472C7B8C89006D170A /* Build configuration list for PBXNativeTarget "WeatherAppTests" */;
			buildPhases = (
				1109822C2C7B8C89006D170A /* Sources */,
				1109822D2C7B8C89006D170A /* Frameworks */,
				1109822E2C7B8C89006D170A /* Resources */,
			);
			buildRules = (
			);
			dependencies = (
				110982322C7B8C89006D170A /* PBXTargetDependency */,
			);
			name = WeatherAppTests;
			productName = WeatherAppTests;
			productReference = 110982302C7B8C89006D170A /* WeatherAppTests.xctest */;
			productType = "com.apple.product-type.bundle.unit-test";
		};
		110982392C7B8C89006D170A /* WeatherAppUITests */ = {
			isa = PBXNativeTarget;
			buildConfigurationList = 1109824A2C7B8C89006D170A /* Build configuration list for PBXNativeTarget "WeatherAppUITests" */;
			buildPhases = (
				110982362C7B8C89006D170A /* Sources */,
				110982372C7B8C89006D170A /* Frameworks */,
				110982382C7B8C89006D170A /* Resources */,
			);
			buildRules = (
			);
			dependencies = (
				1109823C2C7B8C89006D170A /* PBXTargetDependency */,
			);
			name = WeatherAppUITests;
			productName = WeatherAppUITests;
			productReference = 1109823A2C7B8C89006D170A /* WeatherAppUITests.xctest */;
			productType = "com.apple.product-type.bundle.ui-testing";
		};
/* End PBXNativeTarget section */

/* Begin PBXProject section */
		110982182C7B8C86006D170A /* Project object */ = {
			isa = PBXProject;
			attributes = {
				BuildIndependentTargetsInParallel = 1;
				LastSwiftUpdateCheck = 1540;
				LastUpgradeCheck = 1540;
				TargetAttributes = {
					1109821F2C7B8C86006D170A = {
						CreatedOnToolsVersion = 15.4;
					};
					1109822F2C7B8C89006D170A = {
						CreatedOnToolsVersion = 15.4;
						TestTargetID = 1109821F2C7B8C86006D170A;
					};
					110982392C7B8C89006D170A = {
						CreatedOnToolsVersion = 15.4;
						TestTargetID = 1109821F2C7B8C86006D170A;
					};
				};
			};
			buildConfigurationList = 1109821B2C7B8C86006D170A /* Build configuration list for PBXProject "WeatherApp" */;
			compatibilityVersion = "Xcode 14.0";
			developmentRegion = en;
			hasScannedForEncodings = 0;
			knownRegions = (
				en,
				Base,
			);
			mainGroup = 110982172C7B8C86006D170A;
			productRefGroup = 110982212C7B8C86006D170A /* Products */;
			projectDirPath = "";
			projectRoot = "";
			targets = (
				1109821F2C7B8C86006D170A /* WeatherApp */,
				1109822F2C7B8C89006D170A /* WeatherAppTests */,
				110982392C7B8C89006D170A /* WeatherAppUITests */,
			);
		};
/* End PBXProject section */

/* Begin PBXResourcesBuildPhase section */
		1109821E2C7B8C86006D170A /* Resources */ = {
			isa = PBXResourcesBuildPhase;
			buildActionMask = 2147483647;
			files = (
				1109825E2C7B8EFE006D170A /* VIP_scene.png in Resources */,
				110982612C7B9013006D170A /* SplashScreen.storyboard in Resources */,
				1109822B2C7B8C88006D170A /* Preview Assets.xcassets in Resources */,
				110982282C7B8C88006D170A /* Assets.xcassets in Resources */,
			);
			runOnlyForDeploymentPostprocessing = 0;
		};
		1109822E2C7B8C89006D170A /* Resources */ = {
			isa = PBXResourcesBuildPhase;
			buildActionMask = 2147483647;
			files = (
			);
			runOnlyForDeploymentPostprocessing = 0;
		};
		110982382C7B8C89006D170A /* Resources */ = {
			isa = PBXResourcesBuildPhase;
			buildActionMask = 2147483647;
			files = (
			);
			runOnlyForDeploymentPostprocessing = 0;
		};
/* End PBXResourcesBuildPhase section */

/* Begin PBXSourcesBuildPhase section */
		1109821C2C7B8C86006D170A /* Sources */ = {
			isa = PBXSourcesBuildPhase;
			buildActionMask = 2147483647;
			files = (
				1109829A2C7B96C5006D170A /* BackendAdapter.swift in Sources */,
				110982A62C7B99AA006D170A /* WeatherCell.swift in Sources */,
				110982762C7B9311006D170A /* WeatherAlert.swift in Sources */,
				1109828F2C7B95ED006D170A /* HomePresenter.swift in Sources */,
				110982902C7B95ED006D170A /* HomeRouter.swift in Sources */,
				110982912C7B95ED006D170A /* HomeViewController.swift in Sources */,
				1109829E2C7B970C006D170A /* WALoger.swift in Sources */,
				110982AA2C7B9A50006D170A /* LocationManager.swift in Sources */,
				110982A22C7B97EE006D170A /* UIApplication+Extension.swift in Sources */,
				110982922C7B95ED006D170A /* IPadHomeView.swift in Sources */,
				110982932C7B95ED006D170A /* HomeInteractor.swift in Sources */,
				110982942C7B95ED006D170A /* HomeView.swift in Sources */,
				110982952C7B95ED006D170A /* HomeModel.swift in Sources */,
				110982A82C7B99D1006D170A /* Date+Extension.swift in Sources */,
				110982962C7B95ED006D170A /* HomeConfigurator.swift in Sources */,
				110982A02C7B9775006D170A /* WeatherWorker.swift in Sources */,
				110982632C7B91F0006D170A /* Forecast.swift in Sources */,
				110982692C7B9222006D170A /* DailyWeather.swift in Sources */,
				110982722C7B927B006D170A /* PreviewDevice.swift in Sources */,
				110982652C7B9206006D170A /* CurrentWeather.swift in Sources */,
				110982822C7B9570006D170A /* ErrorHelper.swift in Sources */,
				110982672C7B9216006D170A /* HourlyWeather.swift in Sources */,
				1109827C2C7B950E006D170A /* PreviewDevice+Extension.swift in Sources */,
				110982242C7B8C86006D170A /* WeatherAppApp.swift in Sources */,
				110982742C7B928A006D170A /* LoadingError.swift in Sources */,
				1109826D2C7B923A006D170A /* City.swift in Sources */,
				1109826B2C7B922D006D170A /* Weather.swift in Sources */,
				1109827E2C7B951B006D170A /* View+Extension.swift in Sources */,
				110982802C7B955B006D170A /* ReachabilityHelper.swift in Sources */,
				110982782C7B93F1006D170A /* Constants.swift in Sources */,
				1109829C2C7B96D2006D170A /* Endpoint.swift in Sources */,
			);
			runOnlyForDeploymentPostprocessing = 0;
		};
		1109822C2C7B8C89006D170A /* Sources */ = {
			isa = PBXSourcesBuildPhase;
			buildActionMask = 2147483647;
			files = (
				110982352C7B8C89006D170A /* WeatherAppTests.swift in Sources */,
			);
			runOnlyForDeploymentPostprocessing = 0;
		};
		110982362C7B8C89006D170A /* Sources */ = {
			isa = PBXSourcesBuildPhase;
			buildActionMask = 2147483647;
			files = (
				1109823F2C7B8C89006D170A /* WeatherAppUITests.swift in Sources */,
				110982412C7B8C89006D170A /* WeatherAppUITestsLaunchTests.swift in Sources */,
			);
			runOnlyForDeploymentPostprocessing = 0;
		};
/* End PBXSourcesBuildPhase section */

/* Begin PBXTargetDependency section */
		110982322C7B8C89006D170A /* PBXTargetDependency */ = {
			isa = PBXTargetDependency;
			target = 1109821F2C7B8C86006D170A /* WeatherApp */;
			targetProxy = 110982312C7B8C89006D170A /* PBXContainerItemProxy */;
		};
		1109823C2C7B8C89006D170A /* PBXTargetDependency */ = {
			isa = PBXTargetDependency;
			target = 1109821F2C7B8C86006D170A /* WeatherApp */;
			targetProxy = 1109823B2C7B8C89006D170A /* PBXContainerItemProxy */;
		};
/* End PBXTargetDependency section */

/* Begin XCBuildConfiguration section */
		110982422C7B8C89006D170A /* Debug */ = {
			isa = XCBuildConfiguration;
			buildSettings = {
				ALWAYS_SEARCH_USER_PATHS = NO;
				ASSETCATALOG_COMPILER_GENERATE_SWIFT_ASSET_SYMBOL_EXTENSIONS = YES;
				CLANG_ANALYZER_NONNULL = YES;
				CLANG_ANALYZER_NUMBER_OBJECT_CONVERSION = YES_AGGRESSIVE;
				CLANG_CXX_LANGUAGE_STANDARD = "gnu++20";
				CLANG_ENABLE_MODULES = YES;
				CLANG_ENABLE_OBJC_ARC = YES;
				CLANG_ENABLE_OBJC_WEAK = YES;
				CLANG_WARN_BLOCK_CAPTURE_AUTORELEASING = YES;
				CLANG_WARN_BOOL_CONVERSION = YES;
				CLANG_WARN_COMMA = YES;
				CLANG_WARN_CONSTANT_CONVERSION = YES;
				CLANG_WARN_DEPRECATED_OBJC_IMPLEMENTATIONS = YES;
				CLANG_WARN_DIRECT_OBJC_ISA_USAGE = YES_ERROR;
				CLANG_WARN_DOCUMENTATION_COMMENTS = YES;
				CLANG_WARN_EMPTY_BODY = YES;
				CLANG_WARN_ENUM_CONVERSION = YES;
				CLANG_WARN_INFINITE_RECURSION = YES;
				CLANG_WARN_INT_CONVERSION = YES;
				CLANG_WARN_NON_LITERAL_NULL_CONVERSION = YES;
				CLANG_WARN_OBJC_IMPLICIT_RETAIN_SELF = YES;
				CLANG_WARN_OBJC_LITERAL_CONVERSION = YES;
				CLANG_WARN_OBJC_ROOT_CLASS = YES_ERROR;
				CLANG_WARN_QUOTED_INCLUDE_IN_FRAMEWORK_HEADER = YES;
				CLANG_WARN_RANGE_LOOP_ANALYSIS = YES;
				CLANG_WARN_STRICT_PROTOTYPES = YES;
				CLANG_WARN_SUSPICIOUS_MOVE = YES;
				CLANG_WARN_UNGUARDED_AVAILABILITY = YES_AGGRESSIVE;
				CLANG_WARN_UNREACHABLE_CODE = YES;
				CLANG_WARN__DUPLICATE_METHOD_MATCH = YES;
				COPY_PHASE_STRIP = NO;
				DEBUG_INFORMATION_FORMAT = dwarf;
				ENABLE_STRICT_OBJC_MSGSEND = YES;
				ENABLE_TESTABILITY = YES;
				ENABLE_USER_SCRIPT_SANDBOXING = NO;
				GCC_C_LANGUAGE_STANDARD = gnu17;
				GCC_DYNAMIC_NO_PIC = NO;
				GCC_NO_COMMON_BLOCKS = YES;
				GCC_OPTIMIZATION_LEVEL = 0;
				GCC_PREPROCESSOR_DEFINITIONS = (
					"DEBUG=1",
					"$(inherited)",
				);
				GCC_WARN_64_TO_32_BIT_CONVERSION = YES;
				GCC_WARN_ABOUT_RETURN_TYPE = YES_ERROR;
				GCC_WARN_UNDECLARED_SELECTOR = YES;
				GCC_WARN_UNINITIALIZED_AUTOS = YES_AGGRESSIVE;
				GCC_WARN_UNUSED_FUNCTION = YES;
				GCC_WARN_UNUSED_VARIABLE = YES;
				IPHONEOS_DEPLOYMENT_TARGET = 16.0;
				LOCALIZATION_PREFERS_STRING_CATALOGS = YES;
				MTL_ENABLE_DEBUG_INFO = INCLUDE_SOURCE;
				MTL_FAST_MATH = YES;
				ONLY_ACTIVE_ARCH = YES;
				SDKROOT = iphoneos;
				SWIFT_ACTIVE_COMPILATION_CONDITIONS = "DEBUG $(inherited)";
				SWIFT_OPTIMIZATION_LEVEL = "-Onone";
			};
			name = Debug;
		};
		110982432C7B8C89006D170A /* Release */ = {
			isa = XCBuildConfiguration;
			buildSettings = {
				ALWAYS_SEARCH_USER_PATHS = NO;
				ASSETCATALOG_COMPILER_GENERATE_SWIFT_ASSET_SYMBOL_EXTENSIONS = YES;
				CLANG_ANALYZER_NONNULL = YES;
				CLANG_ANALYZER_NUMBER_OBJECT_CONVERSION = YES_AGGRESSIVE;
				CLANG_CXX_LANGUAGE_STANDARD = "gnu++20";
				CLANG_ENABLE_MODULES = YES;
				CLANG_ENABLE_OBJC_ARC = YES;
				CLANG_ENABLE_OBJC_WEAK = YES;
				CLANG_WARN_BLOCK_CAPTURE_AUTORELEASING = YES;
				CLANG_WARN_BOOL_CONVERSION = YES;
				CLANG_WARN_COMMA = YES;
				CLANG_WARN_CONSTANT_CONVERSION = YES;
				CLANG_WARN_DEPRECATED_OBJC_IMPLEMENTATIONS = YES;
				CLANG_WARN_DIRECT_OBJC_ISA_USAGE = YES_ERROR;
				CLANG_WARN_DOCUMENTATION_COMMENTS = YES;
				CLANG_WARN_EMPTY_BODY = YES;
				CLANG_WARN_ENUM_CONVERSION = YES;
				CLANG_WARN_INFINITE_RECURSION = YES;
				CLANG_WARN_INT_CONVERSION = YES;
				CLANG_WARN_NON_LITERAL_NULL_CONVERSION = YES;
				CLANG_WARN_OBJC_IMPLICIT_RETAIN_SELF = YES;
				CLANG_WARN_OBJC_LITERAL_CONVERSION = YES;
				CLANG_WARN_OBJC_ROOT_CLASS = YES_ERROR;
				CLANG_WARN_QUOTED_INCLUDE_IN_FRAMEWORK_HEADER = YES;
				CLANG_WARN_RANGE_LOOP_ANALYSIS = YES;
				CLANG_WARN_STRICT_PROTOTYPES = YES;
				CLANG_WARN_SUSPICIOUS_MOVE = YES;
				CLANG_WARN_UNGUARDED_AVAILABILITY = YES_AGGRESSIVE;
				CLANG_WARN_UNREACHABLE_CODE = YES;
				CLANG_WARN__DUPLICATE_METHOD_MATCH = YES;
				COPY_PHASE_STRIP = NO;
				DEBUG_INFORMATION_FORMAT = "dwarf-with-dsym";
				ENABLE_NS_ASSERTIONS = NO;
				ENABLE_STRICT_OBJC_MSGSEND = YES;
				ENABLE_USER_SCRIPT_SANDBOXING = NO;
				GCC_C_LANGUAGE_STANDARD = gnu17;
				GCC_NO_COMMON_BLOCKS = YES;
				GCC_WARN_64_TO_32_BIT_CONVERSION = YES;
				GCC_WARN_ABOUT_RETURN_TYPE = YES_ERROR;
				GCC_WARN_UNDECLARED_SELECTOR = YES;
				GCC_WARN_UNINITIALIZED_AUTOS = YES_AGGRESSIVE;
				GCC_WARN_UNUSED_FUNCTION = YES;
				GCC_WARN_UNUSED_VARIABLE = YES;
				IPHONEOS_DEPLOYMENT_TARGET = 16.0;
				LOCALIZATION_PREFERS_STRING_CATALOGS = YES;
				MTL_ENABLE_DEBUG_INFO = NO;
				MTL_FAST_MATH = YES;
				SDKROOT = iphoneos;
				SWIFT_COMPILATION_MODE = wholemodule;
				VALIDATE_PRODUCT = YES;
			};
			name = Release;
		};
		110982452C7B8C89006D170A /* Debug */ = {
			isa = XCBuildConfiguration;
			buildSettings = {
				ASSETCATALOG_COMPILER_APPICON_NAME = AppIcon;
				ASSETCATALOG_COMPILER_GLOBAL_ACCENT_COLOR_NAME = AccentColor;
				CODE_SIGN_STYLE = Automatic;
				CURRENT_PROJECT_VERSION = 1;
				DEVELOPMENT_ASSET_PATHS = "\"WeatherApp/Preview Content\"";
				DEVELOPMENT_TEAM = CVWSP3RR9D;
				ENABLE_PREVIEWS = YES;
				ENABLE_USER_SCRIPT_SANDBOXING = NO;
				GENERATE_INFOPLIST_FILE = YES;
				INFOPLIST_KEY_NSLocationAlwaysUsageDescription = "We need your location to provide personalized weather content even when the app is in the background.";
				INFOPLIST_KEY_NSLocationWhenInUseUsageDescription = "We need your location to provide personalized weather content.";
				INFOPLIST_KEY_UIApplicationSceneManifest_Generation = YES;
				INFOPLIST_KEY_UIApplicationSupportsIndirectInputEvents = YES;
				INFOPLIST_KEY_UILaunchScreen_Generation = YES;
				INFOPLIST_KEY_UILaunchStoryboardName = SplashScreen.storyboard;
				INFOPLIST_KEY_UISupportedInterfaceOrientations_iPad = "UIInterfaceOrientationPortrait UIInterfaceOrientationPortraitUpsideDown UIInterfaceOrientationLandscapeLeft UIInterfaceOrientationLandscapeRight";
				INFOPLIST_KEY_UISupportedInterfaceOrientations_iPhone = "UIInterfaceOrientationPortrait UIInterfaceOrientationLandscapeLeft UIInterfaceOrientationLandscapeRight";
				IPHONEOS_DEPLOYMENT_TARGET = 16.0;
				LD_RUNPATH_SEARCH_PATHS = (
					"$(inherited)",
					"@executable_path/Frameworks",
				);
				MARKETING_VERSION = 1.0;
				PRODUCT_BUNDLE_IDENTIFIER = com.chetandobariya.WeatherApp;
				PRODUCT_NAME = "$(TARGET_NAME)";
				SWIFT_EMIT_LOC_STRINGS = YES;
				SWIFT_VERSION = 5.0;
				TARGETED_DEVICE_FAMILY = "1,2";
			};
			name = Debug;
		};
		110982462C7B8C89006D170A /* Release */ = {
			isa = XCBuildConfiguration;
			buildSettings = {
				ASSETCATALOG_COMPILER_APPICON_NAME = AppIcon;
				ASSETCATALOG_COMPILER_GLOBAL_ACCENT_COLOR_NAME = AccentColor;
				CODE_SIGN_STYLE = Automatic;
				CURRENT_PROJECT_VERSION = 1;
				DEVELOPMENT_ASSET_PATHS = "\"WeatherApp/Preview Content\"";
				DEVELOPMENT_TEAM = CVWSP3RR9D;
				ENABLE_PREVIEWS = YES;
				ENABLE_USER_SCRIPT_SANDBOXING = NO;
				GENERATE_INFOPLIST_FILE = YES;
				INFOPLIST_KEY_NSLocationAlwaysUsageDescription = "We need your location to provide personalized weather content even when the app is in the background.";
				INFOPLIST_KEY_NSLocationWhenInUseUsageDescription = "We need your location to provide personalized weather content.";
				INFOPLIST_KEY_UIApplicationSceneManifest_Generation = YES;
				INFOPLIST_KEY_UIApplicationSupportsIndirectInputEvents = YES;
				INFOPLIST_KEY_UILaunchScreen_Generation = YES;
				INFOPLIST_KEY_UILaunchStoryboardName = SplashScreen.storyboard;
				INFOPLIST_KEY_UISupportedInterfaceOrientations_iPad = "UIInterfaceOrientationPortrait UIInterfaceOrientationPortraitUpsideDown UIInterfaceOrientationLandscapeLeft UIInterfaceOrientationLandscapeRight";
				INFOPLIST_KEY_UISupportedInterfaceOrientations_iPhone = "UIInterfaceOrientationPortrait UIInterfaceOrientationLandscapeLeft UIInterfaceOrientationLandscapeRight";
				IPHONEOS_DEPLOYMENT_TARGET = 16.0;
				LD_RUNPATH_SEARCH_PATHS = (
					"$(inherited)",
					"@executable_path/Frameworks",
				);
				MARKETING_VERSION = 1.0;
				PRODUCT_BUNDLE_IDENTIFIER = com.chetandobariya.WeatherApp;
				PRODUCT_NAME = "$(TARGET_NAME)";
				SWIFT_EMIT_LOC_STRINGS = YES;
				SWIFT_VERSION = 5.0;
				TARGETED_DEVICE_FAMILY = "1,2";
			};
			name = Release;
		};
		110982482C7B8C89006D170A /* Debug */ = {
			isa = XCBuildConfiguration;
			buildSettings = {
				ALWAYS_EMBED_SWIFT_STANDARD_LIBRARIES = YES;
				BUNDLE_LOADER = "$(TEST_HOST)";
				CODE_SIGN_STYLE = Automatic;
				CURRENT_PROJECT_VERSION = 1;
				DEVELOPMENT_TEAM = CVWSP3RR9D;
				GENERATE_INFOPLIST_FILE = YES;
				IPHONEOS_DEPLOYMENT_TARGET = 17.5;
				MARKETING_VERSION = 1.0;
				PRODUCT_BUNDLE_IDENTIFIER = com.chetandobariya.WeatherAppTests;
				PRODUCT_NAME = "$(TARGET_NAME)";
				SWIFT_EMIT_LOC_STRINGS = NO;
				SWIFT_VERSION = 5.0;
				TARGETED_DEVICE_FAMILY = "1,2";
				TEST_HOST = "$(BUILT_PRODUCTS_DIR)/WeatherApp.app/$(BUNDLE_EXECUTABLE_FOLDER_PATH)/WeatherApp";
			};
			name = Debug;
		};
		110982492C7B8C89006D170A /* Release */ = {
			isa = XCBuildConfiguration;
			buildSettings = {
				ALWAYS_EMBED_SWIFT_STANDARD_LIBRARIES = YES;
				BUNDLE_LOADER = "$(TEST_HOST)";
				CODE_SIGN_STYLE = Automatic;
				CURRENT_PROJECT_VERSION = 1;
				DEVELOPMENT_TEAM = CVWSP3RR9D;
				GENERATE_INFOPLIST_FILE = YES;
				IPHONEOS_DEPLOYMENT_TARGET = 17.5;
				MARKETING_VERSION = 1.0;
				PRODUCT_BUNDLE_IDENTIFIER = com.chetandobariya.WeatherAppTests;
				PRODUCT_NAME = "$(TARGET_NAME)";
				SWIFT_EMIT_LOC_STRINGS = NO;
				SWIFT_VERSION = 5.0;
				TARGETED_DEVICE_FAMILY = "1,2";
				TEST_HOST = "$(BUILT_PRODUCTS_DIR)/WeatherApp.app/$(BUNDLE_EXECUTABLE_FOLDER_PATH)/WeatherApp";
			};
			name = Release;
		};
		1109824B2C7B8C89006D170A /* Debug */ = {
			isa = XCBuildConfiguration;
			buildSettings = {
				ALWAYS_EMBED_SWIFT_STANDARD_LIBRARIES = YES;
				CODE_SIGN_STYLE = Automatic;
				CURRENT_PROJECT_VERSION = 1;
				DEVELOPMENT_TEAM = CVWSP3RR9D;
				GENERATE_INFOPLIST_FILE = YES;
				MARKETING_VERSION = 1.0;
				PRODUCT_BUNDLE_IDENTIFIER = com.chetandobariya.WeatherAppUITests;
				PRODUCT_NAME = "$(TARGET_NAME)";
				SWIFT_EMIT_LOC_STRINGS = NO;
				SWIFT_VERSION = 5.0;
				TARGETED_DEVICE_FAMILY = "1,2";
				TEST_TARGET_NAME = WeatherApp;
			};
			name = Debug;
		};
		1109824C2C7B8C89006D170A /* Release */ = {
			isa = XCBuildConfiguration;
			buildSettings = {
				ALWAYS_EMBED_SWIFT_STANDARD_LIBRARIES = YES;
				CODE_SIGN_STYLE = Automatic;
				CURRENT_PROJECT_VERSION = 1;
				DEVELOPMENT_TEAM = CVWSP3RR9D;
				GENERATE_INFOPLIST_FILE = YES;
				MARKETING_VERSION = 1.0;
				PRODUCT_BUNDLE_IDENTIFIER = com.chetandobariya.WeatherAppUITests;
				PRODUCT_NAME = "$(TARGET_NAME)";
				SWIFT_EMIT_LOC_STRINGS = NO;
				SWIFT_VERSION = 5.0;
				TARGETED_DEVICE_FAMILY = "1,2";
				TEST_TARGET_NAME = WeatherApp;
			};
			name = Release;
		};
/* End XCBuildConfiguration section */

/* Begin XCConfigurationList section */
		1109821B2C7B8C86006D170A /* Build configuration list for PBXProject "WeatherApp" */ = {
			isa = XCConfigurationList;
			buildConfigurations = (
				110982422C7B8C89006D170A /* Debug */,
				110982432C7B8C89006D170A /* Release */,
			);
			defaultConfigurationIsVisible = 0;
			defaultConfigurationName = Release;
		};
		110982442C7B8C89006D170A /* Build configuration list for PBXNativeTarget "WeatherApp" */ = {
			isa = XCConfigurationList;
			buildConfigurations = (
				110982452C7B8C89006D170A /* Debug */,
				110982462C7B8C89006D170A /* Release */,
			);
			defaultConfigurationIsVisible = 0;
			defaultConfigurationName = Release;
		};
		110982472C7B8C89006D170A /* Build configuration list for PBXNativeTarget "WeatherAppTests" */ = {
			isa = XCConfigurationList;
			buildConfigurations = (
				110982482C7B8C89006D170A /* Debug */,
				110982492C7B8C89006D170A /* Release */,
			);
			defaultConfigurationIsVisible = 0;
			defaultConfigurationName = Release;
		};
		1109824A2C7B8C89006D170A /* Build configuration list for PBXNativeTarget "WeatherAppUITests" */ = {
			isa = XCConfigurationList;
			buildConfigurations = (
				1109824B2C7B8C89006D170A /* Debug */,
				1109824C2C7B8C89006D170A /* Release */,
			);
			defaultConfigurationIsVisible = 0;
			defaultConfigurationName = Release;
		};
/* End XCConfigurationList section */
	};
	rootObject = 110982182C7B8C86006D170A /* Project object */;
}
